{
  "name": "@graffiticode/basis",
  "version": "1.0.0",
  "lockfileVersion": 2,
  "requires": true,
  "packages": {
    "": {
      "name": "@graffiticode/basis",
      "version": "1.0.0",
      "license": "MIT",
      "devDependencies": {
        "hashids": "^2.2.8"
      }
    },
    "node_modules/hashids": {
      "version": "2.2.8",
      "resolved": "https://registry.npmjs.org/hashids/-/hashids-2.2.8.tgz",
      "integrity": "sha512-OI6rsk/OqyX60nBsqxnNl3R7CDv9eMOgxzipshZwXE6cUcBcEyHf8rNDlWVdQJZK3TEynILYybCsNUEQfJsdLA==",
      "dev": true
    }
  },
  "dependencies": {
    "hashids": {
      "version": "2.2.8",
      "resolved": "https://registry.npmjs.org/hashids/-/hashids-2.2.8.tgz",
      "integrity": "sha512-OI6rsk/OqyX60nBsqxnNl3R7CDv9eMOgxzipshZwXE6cUcBcEyHf8rNDlWVdQJZK3TEynILYybCsNUEQfJsdLA==",
      "dev": true
    }
  }
}
